Microsoft Visual Studio Solution File, Format Version 11.00
# Visual C++ Express 2010
Project("{8BC9CEB8-8B4A-11D0-8D11-00A0C91BC942}") = "alpha-goldDust", "alpha-goldDust.vcxproj", "{7FD42DF7-442E-479A-BA76-D0022F99702A}"
EndProject
Project("{8BC9CEB8-8B4A-11D0-8D11-00A0C91BC942}") = "openframeworksLib", "..\..\..\libs\openFrameworksCompiled\project\vs2010\openframeworksLib.vcxproj", "{5837595D-ACA9-485C-8E76-729040CE4B0B}"
EndProject
Project("{8BC9CEB8-8B4A-11D0-8D11-00A0C91BC942}") = "dataFlow", "dataFlow\dataFlow.vcxproj", "{1B35E8E0-B17C-47F6-9B5D-3573C5B67E89}"
EndProject
Global
	GlobalSection(SolutionConfigurationPlatforms) = preSolution
		Debug|Win32 = Debug|Win32
		Release|Win32 = Release|Win32
	EndGlobalSection
	GlobalSection(ProjectConfigurationPlatforms) = postSolution
		{7FD42DF7-442E-479A-BA76-D0022F99702A}.Debug|Win32.ActiveCfg = Debug|Win32
		{7FD42DF7-442E-479A-BA76-D0022F99702A}.Debug|Win32.Build.0 = Debug|Win32
		{7FD42DF7-442E-479A-BA76-D0022F99702A}.Release|Win32.ActiveCfg = Release|Win32
		{7FD42DF7-442E-479A-BA76-D0022F99702A}.Release|Win32.Build.0 = Release|Win32
		{5837595D-ACA9-485C-8E76-729040CE4B0B}.Debug|Win32.ActiveCfg = Debug|Win32
		{5837595D-ACA9-485C-8E76-729040CE4B0B}.Debug|Win32.Build.0 = Debug|Win32
		{5837595D-ACA9-485C-8E76-729040CE4B0B}.Release|Win32.ActiveCfg = Release|Win32
		{5837595D-ACA9-485C-8E76-729040CE4B0B}.Release|Win32.Build.0 = Release|Win32
		{1B35E8E0-B17C-47F6-9B5D-3573C5B67E89}.Debug|Win32.ActiveCfg = Debug|Win32
		{1B35E8E0-B17C-47F6-9B5D-3573C5B67E89}.Debug|Win32.Build.0 = Debug|Win32
		{1B35E8E0-B17C-47F6-9B5D-3573C5B67E89}.Release|Win32.ActiveCfg = Release|Win32
		{1B35E8E0-B17C-47F6-9B5D-3573C5B67E89}.Release|Win32.Build.0 = Release|Win32
	EndGlobalSection
	GlobalSection(SolutionProperties) = preSolution
		HideSolutionNode = FALSE
	EndGlobalSection
EndGlobal
